
Microsoft Visual Studio Solution File, Format Version 11.00
# Visual Studio 2010
Project("{8BC9CEB8-8B4A-11D0-8D11-00A0C91BC942}") = "http_db_center", "http_db_center\http_db_center.vcxproj", "{058D1ABC-0389-48E7-BE2A-80841971C7B6}"
EndProject
Global
	GlobalSection(SolutionConfigurationPlatforms) = preSolution
		Debug|Win32 = Debug|Win32
		Release|Win32 = Release|Win32
	EndGlobalSection
	GlobalSection(ProjectConfigurationPlatforms) = postSolution
		{058D1ABC-0389-48E7-BE2A-80841971C7B6}.Debug|Win32.ActiveCfg = Debug|Win32
		{058D1ABC-0389-48E7-BE2A-80841971C7B6}.Debug|Win32.Build.0 = Debug|Win32
		{058D1ABC-0389-48E7-BE2A-80841971C7B6}.Release|Win32.ActiveCfg = Release|Win32
		{058D1ABC-0389-48E7-BE2A-80841971C7B6}.Release|Win32.Build.0 = Release|Win32
	EndGlobalSection
	GlobalSection(SolutionProperties) = preSolution
		HideSolutionNode = FALSE
	EndGlobalSection
EndGlobal
